
Microsoft Visual Studio Solution File, Format Version 12.00
# Visual Studio Version 17
VisualStudioVersion = 17.13.35931.197 d17.13
MinimumVisualStudioVersion = 10.0.40219.1
Project("{FAE04EC0-301F-11D3-BF4B-00C04F79EFBC}") = "Demo.IdentityServer", "Demo.IdentityServer\Demo.IdentityServer.csproj", "{F8AAE58B-A058-4305-8945-DC732C92DE42}"
EndProject
Project("{FAE04EC0-301F-11D3-BF4B-00C04F79EFBC}") = "Demo.API", "Demo.API\Demo.API.csproj", "{3EEA68CF-1448-4512-89D4-032A725241C0}"
EndProject
Global
	GlobalSection(SolutionConfigurationPlatforms) = preSolution
		Debug|Any CPU = Debug|Any CPU
		Release|Any CPU = Release|Any CPU
	EndGlobalSection
	GlobalSection(ProjectConfigurationPlatforms) = postSolution
		{F8AAE58B-A058-4305-8945-DC732C92DE42}.Debug|Any CPU.ActiveCfg = Debug|Any CPU
		{F8AAE58B-A058-4305-8945-DC732C92DE42}.Debug|Any CPU.Build.0 = Debug|Any CPU
		{F8AAE58B-A058-4305-8945-DC732C92DE42}.Release|Any CPU.ActiveCfg = Release|Any CPU
		{F8AAE58B-A058-4305-8945-DC732C92DE42}.Release|Any CPU.Build.0 = Release|Any CPU
		{3EEA68CF-1448-4512-89D4-032A725241C0}.Debug|Any CPU.ActiveCfg = Debug|Any CPU
		{3EEA68CF-1448-4512-89D4-032A725241C0}.Debug|Any CPU.Build.0 = Debug|Any CPU
		{3EEA68CF-1448-4512-89D4-032A725241C0}.Release|Any CPU.ActiveCfg = Release|Any CPU
		{3EEA68CF-1448-4512-89D4-032A725241C0}.Release|Any CPU.Build.0 = Release|Any CPU
	EndGlobalSection
	GlobalSection(SolutionProperties) = preSolution
		HideSolutionNode = FALSE
	EndGlobalSection
	GlobalSection(ExtensibilityGlobals) = postSolution
		SolutionGuid = {3B1BCA6B-213B-49EE-8CAC-658C8BBB4F3A}
	EndGlobalSection
EndGlobal
